// !$*UTF8*$!
{
	archiveVersion = 1;
	classes = {
	};
	objectVersion = 46;
	objects = {

/* Begin PBXBuildFile section */
		6861696515DEAE4900B42C67 /* UIKit.framework in Frameworks */ = {isa = PBXBuildFile; fileRef = 6861696415DEAE4900B42C67 /* UIKit.framework */; };
		6861696715DEAE4900B42C67 /* Foundation.framework in Frameworks */ = {isa = PBXBuildFile; fileRef = 6861696615DEAE4900B42C67 /* Foundation.framework */; };
		6861696915DEAE4900B42C67 /* CoreGraphics.framework in Frameworks */ = {isa = PBXBuildFile; fileRef = 6861696815DEAE4900B42C67 /* CoreGraphics.framework */; };
		6861696F15DEAE4900B42C67 /* InfoPlist.strings in Resources */ = {isa = PBXBuildFile; fileRef = 6861696D15DEAE4900B42C67 /* InfoPlist.strings */; };
		6861697115DEAE4900B42C67 /* main.m in Sources */ = {isa = PBXBuildFile; fileRef = 6861697015DEAE4900B42C67 /* main.m */; };
		6861697515DEAE4900B42C67 /* AppDelegate.m in Sources */ = {isa = PBXBuildFile; fileRef = 6861697415DEAE4900B42C67 /* AppDelegate.m */; };
		6861699115DEB0B900B42C67 /* MeowViewController.m in Sources */ = {isa = PBXBuildFile; fileRef = 6861699015DEB05E00B42C67 /* MeowViewController.m */; };
		6861699515DEB42400B42C67 /* AudioToolbox.framework in Frameworks */ = {isa = PBXBuildFile; fileRef = 6861699415DEB42400B42C67 /* AudioToolbox.framework */; };
		6861699715DEB59200B42C67 /* meow.wav in Resources */ = {isa = PBXBuildFile; fileRef = 6861699615DEB59200B42C67 /* meow.wav */; };
		6861699B15DEB72800B42C67 /* meow.png in Resources */ = {isa = PBXBuildFile; fileRef = 6861699A15DEB72800B42C67 /* meow.png */; };
/* End PBXBuildFile section */

/* Begin PBXFileReference section */
		6861696015DEAE4900B42C67 /* Meow.app */ = {isa = PBXFileReference; explicitFileType = wrapper.application; includeInIndex = 0; path = Meow.app; sourceTree = BUILT_PRODUCTS_DIR; };
		6861696415DEAE4900B42C67 /* UIKit.framework */ = {isa = PBXFileReference; lastKnownFileType = wrapper.framework; name = UIKit.framework; path = System/Library/Frameworks/UIKit.framework; sourceTree = SDKROOT; };
		6861696615DEAE4900B42C67 /* Foundation.framework */ = {isa = PBXFileReference; lastKnownFileType = wrapper.framework; name = Foundation.framework; path = System/Library/Frameworks/Foundation.framework; sourceTree = SDKROOT; };
		6861696815DEAE4900B42C67 /* CoreGraphics.framework */ = {isa = PBXFileReference; lastKnownFileType = wrapper.framework; name = CoreGraphics.framework; path = System/Library/Frameworks/CoreGraphics.framework; sourceTree = SDKROOT; };
		6861696C15DEAE4900B42C67 /* Meow-Info.plist */ = {isa = PBXFileReference; lastKnownFileType = text.plist.xml; path = "Meow-Info.plist"; sourceTree = "<group>"; };
		6861696E15DEAE4900B42C67 /* en */ = {isa = PBXFileReference; lastKnownFileType = text.plist.strings; name = en; path = en.lproj/InfoPlist.strings; sourceTree = "<group>"; };
		6861697015DEAE4900B42C67 /* main.m */ = {isa = PBXFileReference; lastKnownFileType = sourcecode.c.objc; path = main.m; sourceTree = "<group>"; };
		6861697215DEAE4900B42C67 /* Meow-Prefix.pch */ = {isa = PBXFileReference; lastKnownFileType = sourcecode.c.h; path = "Meow-Prefix.pch"; sourceTree = "<group>"; };
		6861697315DEAE4900B42C67 /* AppDelegate.h */ = {isa = PBXFileReference; lastKnownFileType = sourcecode.c.h; path = AppDelegate.h; sourceTree = "<group>"; };
		6861697415DEAE4900B42C67 /* AppDelegate.m */ = {isa = PBXFileReference; lastKnownFileType = sourcecode.c.objc; path = AppDelegate.m; sourceTree = "<group>"; };
		6861698F15DEB05E00B42C67 /* MeowViewController.h */ = {isa = PBXFileReference; lastKnownFileType = sourcecode.c.h; path = MeowViewController.h; sourceTree = "<group>"; };
		6861699015DEB05E00B42C67 /* MeowViewController.m */ = {isa = PBXFileReference; lastKnownFileType = sourcecode.c.objc; path = MeowViewController.m; sourceTree = "<group>"; };
		6861699415DEB42400B42C67 /* AudioToolbox.framework */ = {isa = PBXFileReference; lastKnownFileType = wrapper.framework; name = AudioToolbox.framework; path = System/Library/Frameworks/AudioToolbox.framework; sourceTree = SDKROOT; };
		6861699615DEB59200B42C67 /* meow.wav */ = {isa = PBXFileReference; lastKnownFileType = audio.wav; path = meow.wav; sourceTree = "<group>"; };
		6861699A15DEB72800B42C67 /* meow.png */ = {isa = PBXFileReference; lastKnownFileType = image.png; path = meow.png; sourceTree = "<group>"; };
		6861699C15DEBB6100B42C67 /* CoreMotion.framework */ = {isa = PBXFileReference; lastKnownFileType = wrapper.framework; name = CoreMotion.framework; path = System/Library/Frameworks/CoreMotion.framework; sourceTree = SDKROOT; };
/* End PBXFileReference section */

/* Begin PBXFrameworksBuildPhase section */
		6861695D15DEAE4900B42C67 /* Frameworks */ = {
			isa = PBXFrameworksBuildPhase;
			buildActionMask = 2147483647;
			files = (
				6861699515DEB42400B42C67 /* AudioToolbox.framework in Frameworks */,
				6861696515DEAE4900B42C67 /* UIKit.framework in Frameworks */,
				6861696715DEAE4900B42C67 /* Foundation.framework in Frameworks */,
				6861696915DEAE4900B42C67 /* CoreGraphics.framework in Frameworks */,
			);
			runOnlyForDeploymentPostprocessing = 0;
		};
/* End PBXFrameworksBuildPhase section */

/* Begin PBXGroup section */
		6861695515DEAE4900B42C67 = {
			isa = PBXGroup;
			children = (
				6861696A15DEAE4900B42C67 /* Meow */,
				6861696315DEAE4900B42C67 /* Frameworks */,
				6861696115DEAE4900B42C67 /* Products */,
			);
			sourceTree = "<group>";
		};
		6861696115DEAE4900B42C67 /* Products */ = {
			isa = PBXGroup;
			children = (
				6861696015DEAE4900B42C67 /* Meow.app */,
			);
			name = Products;
			sourceTree = "<group>";
		};
		6861696315DEAE4900B42C67 /* Frameworks */ = {
			isa = PBXGroup;
			children = (
				6861699C15DEBB6100B42C67 /* CoreMotion.framework */,
				6861699415DEB42400B42C67 /* AudioToolbox.framework */,
				6861696415DEAE4900B42C67 /* UIKit.framework */,
				6861696615DEAE4900B42C67 /* Foundation.framework */,
				6861696815DEAE4900B42C67 /* CoreGraphics.framework */,
			);
			name = Frameworks;
			sourceTree = "<group>";
		};
		6861696A15DEAE4900B42C67 /* Meow */ = {
			isa = PBXGroup;
			children = (
				6861697315DEAE4900B42C67 /* AppDelegate.h */,
				6861697415DEAE4900B42C67 /* AppDelegate.m */,
				6861698F15DEB05E00B42C67 /* MeowViewController.h */,
				6861699015DEB05E00B42C67 /* MeowViewController.m */,
				6861696B15DEAE4900B42C67 /* Supporting Files */,
			);
			path = Meow;
			sourceTree = "<group>";
		};
		6861696B15DEAE4900B42C67 /* Supporting Files */ = {
			isa = PBXGroup;
			children = (
				6861699A15DEB72800B42C67 /* meow.png */,
				6861699615DEB59200B42C67 /* meow.wav */,
				6861696C15DEAE4900B42C67 /* Meow-Info.plist */,
				6861696D15DEAE4900B42C67 /* InfoPlist.strings */,
				6861697015DEAE4900B42C67 /* main.m */,
				6861697215DEAE4900B42C67 /* Meow-Prefix.pch */,
			);
			name = "Supporting Files";
			sourceTree = "<group>";
		};
/* End PBXGroup section */

/* Begin PBXNativeTarget section */
		6861695F15DEAE4900B42C67 /* Meow */ = {
			isa = PBXNativeTarget;
			buildConfigurationList = 6861697815DEAE4900B42C67 /* Build configuration list for PBXNativeTarget "Meow" */;
			buildPhases = (
				6861695C15DEAE4900B42C67 /* Sources */,
				6861695D15DEAE4900B42C67 /* Frameworks */,
				6861695E15DEAE4900B42C67 /* Resources */,
			);
			buildRules = (
			);
			dependencies = (
			);
			name = Meow;
			productName = Meow;
			productReference = 6861696015DEAE4900B42C67 /* Meow.app */;
			productType = "com.apple.product-type.application";
		};
/* End PBXNativeTarget section */

/* Begin PBXProject section */
		6861695715DEAE4900B42C67 /* Project object */ = {
			isa = PBXProject;
			attributes = {
				LastUpgradeCheck = 0440;
				ORGANIZATIONNAME = Fizzawizza;
			};
			buildConfigurationList = 6861695A15DEAE4900B42C67 /* Build configuration list for PBXProject "Meow" */;
			compatibilityVersion = "Xcode 3.2";
			developmentRegion = English;
			hasScannedForEncodings = 0;
			knownRegions = (
				en,
			);
			mainGroup = 6861695515DEAE4900B42C67;
			productRefGroup = 6861696115DEAE4900B42C67 /* Products */;
			projectDirPath = "";
			projectRoot = "";
			targets = (
				6861695F15DEAE4900B42C67 /* Meow */,
			);
		};
/* End PBXProject section */

/* Begin PBXResourcesBuildPhase section */
		6861695E15DEAE4900B42C67 /* Resources */ = {
			isa = PBXResourcesBuildPhase;
			buildActionMask = 2147483647;
			files = (
				6861696F15DEAE4900B42C67 /* InfoPlist.strings in Resources */,
				6861699715DEB59200B42C67 /* meow.wav in Resources */,
				6861699B15DEB72800B42C67 /* meow.png in Resources */,
			);
			runOnlyForDeploymentPostprocessing = 0;
		};
/* End PBXResourcesBuildPhase section */

/* Begin PBXSourcesBuildPhase section */
		6861695C15DEAE4900B42C67 /* Sources */ = {
			isa = PBXSourcesBuildPhase;
			buildActionMask = 2147483647;
			files = (
				6861699115DEB0B900B42C67 /* MeowViewController.m in Sources */,
				6861697115DEAE4900B42C67 /* main.m in Sources */,
				6861697515DEAE4900B42C67 /* AppDelegate.m in Sources */,
			);
			runOnlyForDeploymentPostprocessing = 0;
		};
/* End PBXSourcesBuildPhase section */

/* Begin PBXVariantGroup section */
		6861696D15DEAE4900B42C67 /* InfoPlist.strings */ = {
			isa = PBXVariantGroup;
			children = (
				6861696E15DEAE4900B42C67 /* en */,
			);
			name = InfoPlist.strings;
			sourceTree = "<group>";
		};
/* End PBXVariantGroup section */

/* Begin XCBuildConfiguration section */
		6861697615DEAE4900B42C67 /* Debug */ = {
			isa = XCBuildConfiguration;
			buildSettings = {
				ALWAYS_SEARCH_USER_PATHS = NO;
				ARCHS = "$(ARCHS_STANDARD_32_BIT)";
				CLANG_CXX_LANGUAGE_STANDARD = "gnu++0x";
				CLANG_WARN__DUPLICATE_METHOD_MATCH = YES;
				"CODE_SIGN_IDENTITY[sdk=iphoneos*]" = "iPhone Developer";
				COPY_PHASE_STRIP = NO;
				GCC_C_LANGUAGE_STANDARD = gnu99;
				GCC_DYNAMIC_NO_PIC = NO;
				GCC_OPTIMIZATION_LEVEL = 0;
				GCC_PREPROCESSOR_DEFINITIONS = (
					"DEBUG=1",
					"$(inherited)",
				);
				GCC_SYMBOLS_PRIVATE_EXTERN = NO;
				GCC_VERSION = com.apple.compilers.llvm.clang.1_0;
				GCC_WARN_ABOUT_RETURN_TYPE = YES;
				GCC_WARN_UNINITIALIZED_AUTOS = YES;
				GCC_WARN_UNUSED_VARIABLE = YES;
				IPHONEOS_DEPLOYMENT_TARGET = 5.1;
				SDKROOT = iphoneos;
				TARGETED_DEVICE_FAMILY = "1,2";
			};
			name = Debug;
		};
		6861697715DEAE4900B42C67 /* Release */ = {
			isa = XCBuildConfiguration;
			buildSettings = {
				ALWAYS_SEARCH_USER_PATHS = NO;
				ARCHS = "$(ARCHS_STANDARD_32_BIT)";
				CLANG_CXX_LANGUAGE_STANDARD = "gnu++0x";
				CLANG_WARN__DUPLICATE_METHOD_MATCH = YES;
				"CODE_SIGN_IDENTITY[sdk=iphoneos*]" = "iPhone Developer";
				COPY_PHASE_STRIP = YES;
				GCC_C_LANGUAGE_STANDARD = gnu99;
				GCC_VERSION = com.apple.compilers.llvm.clang.1_0;
				GCC_WARN_ABOUT_RETURN_TYPE = YES;
				GCC_WARN_UNINITIALIZED_AUTOS = YES;
				GCC_WARN_UNUSED_VARIABLE = YES;
				IPHONEOS_DEPLOYMENT_TARGET = 5.1;
				OTHER_CFLAGS = "-DNS_BLOCK_ASSERTIONS=1";
				SDKROOT = iphoneos;
				TARGETED_DEVICE_FAMILY = "1,2";
				VALIDATE_PRODUCT = YES;
			};
			name = Release;
		};
		6861697915DEAE4900B42C67 /* Debug */ = {
			isa = XCBuildConfiguration;
			buildSettings = {
				GCC_PRECOMPILE_PREFIX_HEADER = YES;
				GCC_PREFIX_HEADER = "Meow/Meow-Prefix.pch";
				INFOPLIST_FILE = "Meow/Meow-Info.plist";
				IPHONEOS_DEPLOYMENT_TARGET = 5.1;
				PRODUCT_NAME = "$(TARGET_NAME)";
				TARGETED_DEVICE_FAMILY = "1,2";
				WRAPPER_EXTENSION = app;
			};
			name = Debug;
		};
		6861697A15DEAE4900B42C67 /* Release */ = {
			isa = XCBuildConfiguration;
			buildSettings = {
				GCC_PRECOMPILE_PREFIX_HEADER = YES;
				GCC_PREFIX_HEADER = "Meow/Meow-Prefix.pch";
				INFOPLIST_FILE = "Meow/Meow-Info.plist";
				IPHONEOS_DEPLOYMENT_TARGET = 5.1;
				PRODUCT_NAME = "$(TARGET_NAME)";
				TARGETED_DEVICE_FAMILY = "1,2";
				WRAPPER_EXTENSION = app;
			};
			name = Release;
		};
/* End XCBuildConfiguration section */

/* Begin XCConfigurationList section */
		6861695A15DEAE4900B42C67 /* Build configuration list for PBXProject "Meow" */ = {
			isa = XCConfigurationList;
			buildConfigurations = (
				6861697615DEAE4900B42C67 /* Debug */,
				6861697715DEAE4900B42C67 /* Release */,
			);
			defaultConfigurationIsVisible = 0;
			defaultConfigurationName = Release;
		};
		6861697815DEAE4900B42C67 /* Build configuration list for PBXNativeTarget "Meow" */ = {
			isa = XCConfigurationList;
			buildConfigurations = (
				6861697915DEAE4900B42C67 /* Debug */,
				6861697A15DEAE4900B42C67 /* Release */,
			);
			defaultConfigurationIsVisible = 0;
		};
/* End XCConfigurationList section */
	};
	rootObject = 6861695715DEAE4900B42C67 /* Project object */;
}
